{
  "pins" : [
    {
      "identity" : "concurrency",
      "kind" : "remoteSourceControl",
      "location" : "https://github.com/Leo-Lem/Concurrency",
      "state" : {
        "branch" : "main",
        "revision" : "100534ff05b95b7265098e2178a00c3dfbc9ec9e"
      }
    },
    {
      "identity" : "previews",
      "kind" : "remoteSourceControl",
      "location" : "https://github.com/Leo-Lem/Previews",
      "state" : {
        "branch" : "main",
        "revision" : "762cbcab3fdfc298d3ca14e8abe3cade78193c22"
      }
    }
  ],
  "version" : 2
}
